
Microsoft Visual Studio Solution File, Format Version 12.00
# Visual Studio Version 16
VisualStudioVersion = 16.0.33801.447
MinimumVisualStudioVersion = 10.0.40219.1
Project("{FAE04EC0-301F-11D3-BF4B-00C04F79EFBC}") = "PN", "PN\PN.csproj", "{EADCC581-2D6C-4A9E-A124-C0D6381E46B6}"
EndProject
Global
	GlobalSection(SolutionConfigurationPlatforms) = preSolution
		Debug|Any CPU = Debug|Any CPU
		Release|Any CPU = Release|Any CPU
	EndGlobalSection
	GlobalSection(ProjectConfigurationPlatforms) = postSolution
		{EADCC581-2D6C-4A9E-A124-C0D6381E46B6}.Debug|Any CPU.ActiveCfg = Debug|Any CPU
		{EADCC581-2D6C-4A9E-A124-C0D6381E46B6}.Debug|Any CPU.Build.0 = Debug|Any CPU
		{EADCC581-2D6C-4A9E-A124-C0D6381E46B6}.Release|Any CPU.ActiveCfg = Release|Any CPU
		{EADCC581-2D6C-4A9E-A124-C0D6381E46B6}.Release|Any CPU.Build.0 = Release|Any CPU
	EndGlobalSection
	GlobalSection(SolutionProperties) = preSolution
		HideSolutionNode = FALSE
	EndGlobalSection
	GlobalSection(ExtensibilityGlobals) = postSolution
		SolutionGuid = {0EED734F-84E3-40A2-9413-9C9E610F8EDB}
	EndGlobalSection
EndGlobal
